
Microsoft Visual Studio Solution File, Format Version 12.00
Project("{FAE04EC0-301F-11D3-BF4B-00C04F79EFBC}") = "DisableSkillsBar", "DisableSkillsBar\DisableSkillsBar.csproj", "{A1C5D8E3-0F19-4A4E-8A5C-5E6D7F8091B2}"
EndProject
Project("{FAE04EC0-301F-11D3-BF4B-00C04F79EFBC}") = "HandyPurse", "HandyPurse\HandyPurse.csproj", "{C7DB50AF-7F1B-46D4-A35E-2A925A0B5D11}"
EndProject
Project("{FAE04EC0-301F-11D3-BF4B-00C04F79EFBC}") = "PerfectDodge", "PerfectDodge\PerfectDodge.csproj", "{B4E7D391-5C2A-4F8B-A1E6-3D0C9F7E2B54}"
EndProject
Project("{FAE04EC0-301F-11D3-BF4B-00C04F79EFBC}") = "CheatManager", "CheatManager\CheatManager.csproj", "{E3A9B5D2-7F61-4C8E-A2D4-0B6C3E9F1A47}"
EndProject
Project("{FAE04EC0-301F-11D3-BF4B-00C04F79EFBC}") = "BeginnersWelcome", "BeginnersWelcome\BeginnersWelcome.csproj", "{F2B7C4D1-8E35-4A9F-B6C2-1D5E8A3F0C7B}"
EndProject
Global
	GlobalSection(SolutionConfigurationPlatforms) = preSolution
		Release|Any CPU = Release|Any CPU
	EndGlobalSection
	GlobalSection(ProjectConfigurationPlatforms) = postSolution
		{A1C5D8E3-0F19-4A4E-8A5C-5E6D7F8091B2}.Release|Any CPU.ActiveCfg = Release|Any CPU
		{A1C5D8E3-0F19-4A4E-8A5C-5E6D7F8091B2}.Release|Any CPU.Build.0 = Release|Any CPU
		{C7DB50AF-7F1B-46D4-A35E-2A925A0B5D11}.Release|Any CPU.ActiveCfg = Release|Any CPU
		{C7DB50AF-7F1B-46D4-A35E-2A925A0B5D11}.Release|Any CPU.Build.0 = Release|Any CPU
		{B4E7D391-5C2A-4F8B-A1E6-3D0C9F7E2B54}.Release|Any CPU.ActiveCfg = Release|Any CPU
		{B4E7D391-5C2A-4F8B-A1E6-3D0C9F7E2B54}.Release|Any CPU.Build.0 = Release|Any CPU
		{E3A9B5D2-7F61-4C8E-A2D4-0B6C3E9F1A47}.Release|Any CPU.ActiveCfg = Release|Any CPU
		{E3A9B5D2-7F61-4C8E-A2D4-0B6C3E9F1A47}.Release|Any CPU.Build.0 = Release|Any CPU
		{F2B7C4D1-8E35-4A9F-B6C2-1D5E8A3F0C7B}.Release|Any CPU.ActiveCfg = Release|Any CPU
		{F2B7C4D1-8E35-4A9F-B6C2-1D5E8A3F0C7B}.Release|Any CPU.Build.0 = Release|Any CPU
	EndGlobalSection
	GlobalSection(SolutionProperties) = preSolution
		HideSolutionNode = FALSE
	EndGlobalSection
EndGlobal
